
Microsoft Visual Studio Solution File, Format Version 12.00
# Visual Studio Version 17
VisualStudioVersion = 17.2.32616.157
MinimumVisualStudioVersion = 10.0.40219.1
Project("{9A19103F-16F7-4668-BE54-9A1E7A4F7556}") = "01.HotelBookingApplication", "01.HotelBookingApplication\01.HotelBookingApplication.csproj", "{C6526E53-4F1B-43E9-9924-814A996C19C7}"
EndProject
Project("{9A19103F-16F7-4668-BE54-9A1E7A4F7556}") = "PlanetWars3.1", "PlanetWars3.1\PlanetWars3.1.csproj", "{72CEF164-A561-4417-A3A7-3755A443661A}"
EndProject
Global
	GlobalSection(SolutionConfigurationPlatforms) = preSolution
		Debug|Any CPU = Debug|Any CPU
		Release|Any CPU = Release|Any CPU
	EndGlobalSection
	GlobalSection(ProjectConfigurationPlatforms) = postSolution
		{C6526E53-4F1B-43E9-9924-814A996C19C7}.Debug|Any CPU.ActiveCfg = Debug|Any CPU
		{C6526E53-4F1B-43E9-9924-814A996C19C7}.Debug|Any CPU.Build.0 = Debug|Any CPU
		{C6526E53-4F1B-43E9-9924-814A996C19C7}.Release|Any CPU.ActiveCfg = Release|Any CPU
		{C6526E53-4F1B-43E9-9924-814A996C19C7}.Release|Any CPU.Build.0 = Release|Any CPU
		{72CEF164-A561-4417-A3A7-3755A443661A}.Debug|Any CPU.ActiveCfg = Debug|Any CPU
		{72CEF164-A561-4417-A3A7-3755A443661A}.Debug|Any CPU.Build.0 = Debug|Any CPU
		{72CEF164-A561-4417-A3A7-3755A443661A}.Release|Any CPU.ActiveCfg = Release|Any CPU
		{72CEF164-A561-4417-A3A7-3755A443661A}.Release|Any CPU.Build.0 = Release|Any CPU
	EndGlobalSection
	GlobalSection(SolutionProperties) = preSolution
		HideSolutionNode = FALSE
	EndGlobalSection
	GlobalSection(ExtensibilityGlobals) = postSolution
		SolutionGuid = {4520B317-1BB8-4E95-9CDF-8B136813D287}
	EndGlobalSection
EndGlobal
